{
  "version": 4,
  "terraform_version": "1.9.7",
  "serial": 44,
  "lineage": "e39016ca-7680-71b5-594d-f42241427c52",
  "outputs": {
    "case4_floating_ip": {
      "value": "211.183.3.190",
      "type": "string"
    }
  },
  "resources": [
    {
      "mode": "managed",
      "type": "openstack_images_image_v2",
      "name": "rocky8",
      "provider": "provider[\"registry.terraform.io/terraform-provider-openstack/openstack\"]",
      "instances": [
        {
          "schema_version": 0,
          "attributes": {
            "checksum": "a9362b49d2f4ae726bf6cb3b5be953a7",
            "container_format": "bare",
            "created_at": "2024-10-10T08:08:45Z",
            "disk_format": "qcow2",
            "file": "/v2/images/fa22e439-b992-4db0-ad98-5e6649dd57b3/file",
            "hidden": false,
            "id": "fa22e439-b992-4db0-ad98-5e6649dd57b3",
            "image_cache_path": "/root/.terraform/image_cache",
            "image_id": "fa22e439-b992-4db0-ad98-5e6649dd57b3",
            "image_source_password": null,
            "image_source_url": null,
            "image_source_username": null,
            "local_file_path": "./Rocky-8-GenericCloud-Base.latest.x86_64.qcow2",
            "metadata": {},
            "min_disk_gb": 0,
            "min_ram_mb": 0,
            "name": "rocky8",
            "owner": "e165273de45c4070b6119a7aeb5e50df",
            "properties": {
              "key": "value",
              "os_hash_algo": "sha512",
              "os_hash_value": "e52d432ca198268ff8e580d30bd62cd9591585497f09ac1bc3292b7adfc30610398d862e613bd221d0c2ba9038f9c582433fe0735a2cf4b152b2724f58786e9c",
              "stores": "file"
            },
            "protected": false,
            "region": "RegionOne",
            "schema": "/v2/schemas/image",
            "size_bytes": 2065760256,
            "status": "active",
            "tags": [],
            "timeouts": null,
            "update_at": "2024-10-10T08:08:57Z",
            "updated_at": "2024-10-10T08:08:57Z",
            "verify_checksum": null,
            "visibility": "private",
            "web_download": null
          },
          "sensitive_attributes": [
            [
              {
                "type": "get_attr",
                "value": "image_source_password"
              }
            ]
          ],
          "private": "eyJlMmJmYjczMC1lY2FhLTExZTYtOGY4OC0zNDM2M2JjN2M0YzAiOnsiY3JlYXRlIjoxODAwMDAwMDAwMDAwfX0="
        }
      ]
    },
    {
      "mode": "managed",
      "type": "openstack_networking_floatingip_v2",
      "name": "case4fip",
      "provider": "provider[\"registry.terraform.io/terraform-provider-openstack/openstack\"]",
      "instances": [
        {
          "schema_version": 0,
          "attributes": {
            "address": "211.183.3.190",
            "all_tags": [],
            "description": "",
            "dns_domain": "",
            "dns_name": "",
            "fixed_ip": "172.16.1.128",
            "id": "984ed612-e427-4455-aa09-6d1a0431096a",
            "pool": "sharednet1",
            "port_id": "e0028ae6-acac-42ae-9be9-5352540f3319",
            "region": "RegionOne",
            "subnet_id": null,
            "subnet_ids": null,
            "tags": [],
            "tenant_id": "e165273de45c4070b6119a7aeb5e50df",
            "timeouts": null,
            "value_specs": null
          },
          "sensitive_attributes": [],
          "private": "eyJlMmJmYjczMC1lY2FhLTExZTYtOGY4OC0zNDM2M2JjN2M0YzAiOnsiY3JlYXRlIjo2MDAwMDAwMDAwMDAsImRlbGV0ZSI6NjAwMDAwMDAwMDAwfX0="
        }
      ]
    }
  ],
  "check_results": null
}
